
Microsoft Visual Studio Solution File, Format Version 12.00
# Visual Studio Version 17
VisualStudioVersion = 17.6.33829.357
MinimumVisualStudioVersion = 10.0.40219.1
Project("{FAE04EC0-301F-11D3-BF4B-00C04F79EFBC}") = "Pronian", "Pronian.csproj", "{CD5836A5-1541-489F-BC3C-8A2A6F8BB2B5}"
EndProject
Global
	GlobalSection(SolutionConfigurationPlatforms) = preSolution
		Debug|Any CPU = Debug|Any CPU
		Release|Any CPU = Release|Any CPU
	EndGlobalSection
	GlobalSection(ProjectConfigurationPlatforms) = postSolution
		{CD5836A5-1541-489F-BC3C-8A2A6F8BB2B5}.Debug|Any CPU.ActiveCfg = Debug|Any CPU
		{CD5836A5-1541-489F-BC3C-8A2A6F8BB2B5}.Debug|Any CPU.Build.0 = Debug|Any CPU
		{CD5836A5-1541-489F-BC3C-8A2A6F8BB2B5}.Release|Any CPU.ActiveCfg = Release|Any CPU
		{CD5836A5-1541-489F-BC3C-8A2A6F8BB2B5}.Release|Any CPU.Build.0 = Release|Any CPU
	EndGlobalSection
	GlobalSection(SolutionProperties) = preSolution
		HideSolutionNode = FALSE
	EndGlobalSection
	GlobalSection(ExtensibilityGlobals) = postSolution
		SolutionGuid = {577CC394-47E7-4876-AB92-1D900D221BEC}
	EndGlobalSection
EndGlobal
